uuid: c75b31f5-2f6a-4865-8348-187125ddaf79
langcode: en
status: true
dependencies:
  module:
    - ballade_core
  theme:
    - ballade_theme
id: copyrightblock
theme: ballade_theme
region: footer
weight: 0
provider: null
plugin: block__copyright_block
settings:
  id: block__copyright_block
  label: 'Copyright block'
  provider: ballade_core
  label_display: '0'
visibility: {  }
